PODS:
  - SDWebImage (5.18.0):
    - SDWebImage/Core (= 5.18.0)
  - SDWebImage/Core (5.18.0)

DEPENDENCIES:
  - SDWebImage (~> 5.18)

SPEC REPOS:
  trunk:
    - SDWebImage

SPEC CHECKSUMS:
  SDWebImage: 182830bcddc30cde95fbc60dfe4badc3553d94ba

PODFILE CHECKSUM: 55d29dfe58b0f8ef1c201d34c606412d6706c4e7

COCOAPODS: 1.12.1
