// !$*UTF8*$!
{
	archiveVersion = 1;
	classes = {
	};
	objectVersion = 56;
	objects = {

/* Begin PBXBuildFile section */
		8D08E5BE2A8E32590018AFF3 /* AllDocumentModel.swift in Sources */ = {isa = PBXBuildFile; fileRef = 8D08E5BD2A8E32580018AFF3 /* AllDocumentModel.swift */; };
		8D08E5C02A8E34380018AFF3 /* AllDocumentViewModel.swift in Sources */ = {isa = PBXBuildFile; fileRef = 8D08E5BF2A8E34380018AFF3 /* AllDocumentViewModel.swift */; };
		8D08E5C22A8E466F0018AFF3 /* DocumentTableViewCell.swift in Sources */ = {isa = PBXBuildFile; fileRef = 8D08E5C12A8E466F0018AFF3 /* DocumentTableViewCell.swift */; };
		8D2A7E1F2A8CFAF600F626DB /* MySessions.xib in Resources */ = {isa = PBXBuildFile; fileRef = 8D2A7E1E2A8CFAF600F626DB /* MySessions.xib */; };
		8D819E482A8CF0E100282F17 /* AppDelegate.swift in Sources */ = {isa = PBXBuildFile; fileRef = 8D819E472A8CF0E100282F17 /* AppDelegate.swift */; };
		8D819E4C2A8CF0E100282F17 /* ViewController.swift in Sources */ = {isa = PBXBuildFile; fileRef = 8D819E4B2A8CF0E100282F17 /* ViewController.swift */; };
		8D819E512A8CF0E200282F17 /* Assets.xcassets in Resources */ = {isa = PBXBuildFile; fileRef = 8D819E502A8CF0E200282F17 /* Assets.xcassets */; };
		8D819E542A8CF0E200282F17 /* LaunchScreen.storyboard in Resources */ = {isa = PBXBuildFile; fileRef = 8D819E522A8CF0E200282F17 /* LaunchScreen.storyboard */; };
		8D819E5F2A8CF0E300282F17 /* Documents_pageTests.swift in Sources */ = {isa = PBXBuildFile; fileRef = 8D819E5E2A8CF0E300282F17 /* Documents_pageTests.swift */; };
		8D819E692A8CF0E300282F17 /* Documents_pageUITests.swift in Sources */ = {isa = PBXBuildFile; fileRef = 8D819E682A8CF0E300282F17 /* Documents_pageUITests.swift */; };
		8D819E6B2A8CF0E300282F17 /* Documents_pageUITestsLaunchTests.swift in Sources */ = {isa = PBXBuildFile; fileRef = 8D819E6A2A8CF0E300282F17 /* Documents_pageUITestsLaunchTests.swift */; };
		8D81C91D2A8F390B00E84E17 /* documentTabBar.swift in Sources */ = {isa = PBXBuildFile; fileRef = 8D81C91B2A8F390B00E84E17 /* documentTabBar.swift */; };
		8D81C91E2A8F390B00E84E17 /* documentTabBar.xib in Resources */ = {isa = PBXBuildFile; fileRef = 8D81C91C2A8F390B00E84E17 /* documentTabBar.xib */; };
		8DC709CD2A8DE04A0034DEFE /* DocumentTableViewCell.xib in Resources */ = {isa = PBXBuildFile; fileRef = 8DC709CC2A8DE04A0034DEFE /* DocumentTableViewCell.xib */; };
		8DC709CF2A8DE8120034DEFE /* AllActionsViewController.swift in Sources */ = {isa = PBXBuildFile; fileRef = 8DC709CE2A8DE8120034DEFE /* AllActionsViewController.swift */; };
		8DC709D12A8DE8360034DEFE /* MySessionsViewController.swift in Sources */ = {isa = PBXBuildFile; fileRef = 8DC709D02A8DE8360034DEFE /* MySessionsViewController.swift */; };
		8DC709DA2A8DFCC90034DEFE /* AllDocumentsView.swift in Sources */ = {isa = PBXBuildFile; fileRef = 8DC709D82A8DFCC90034DEFE /* AllDocumentsView.swift */; };
		8DC709DD2A8E07C60034DEFE /* AllDocumentsView.xib in Resources */ = {isa = PBXBuildFile; fileRef = 8DC709DC2A8E07C60034DEFE /* AllDocumentsView.xib */; };
		9F75D2982A9C7C2F003F0DC1 /* ActivityIndicator.swift in Sources */ = {isa = PBXBuildFile; fileRef = 9F75D2972A9C7C2F003F0DC1 /* ActivityIndicator.swift */; };
		9F7D57AF2AA893E600A11758 /* TestViewController.swift in Sources */ = {isa = PBXBuildFile; fileRef = 9F7D57AD2AA893E600A11758 /* TestViewController.swift */; };
		9F7D57B02AA893E600A11758 /* TestViewController.xib in Resources */ = {isa = PBXBuildFile; fileRef = 9F7D57AE2AA893E600A11758 /* TestViewController.xib */; };
		9F8A202C2AA0760500A2CD40 /* PreviewViewController.swift in Sources */ = {isa = PBXBuildFile; fileRef = 9F8A202A2AA0760500A2CD40 /* PreviewViewController.swift */; };
		9F8A202D2AA0760500A2CD40 /* PreviewViewController.xib in Resources */ = {isa = PBXBuildFile; fileRef = 9F8A202B2AA0760500A2CD40 /* PreviewViewController.xib */; };
		9F92FF0C2A9C8CE10041FA08 /* AllActions.xib in Resources */ = {isa = PBXBuildFile; fileRef = 9F92FF0B2A9C8CE10041FA08 /* AllActions.xib */; };
		9F94AD0F2AA5C41800B66BB4 /* QlPreviewController.swift in Sources */ = {isa = PBXBuildFile; fileRef = 9F94AD0E2AA5C41800B66BB4 /* QlPreviewController.swift */; };
/* End PBXBuildFile section */

/* Begin PBXContainerItemProxy section */
		8D819E5B2A8CF0E300282F17 /* PBXContainerItemProxy */ = {
			isa = PBXContainerItemProxy;
			containerPortal = 8D819E3C2A8CF0E100282F17 /* Project object */;
			proxyType = 1;
			remoteGlobalIDString = 8D819E432A8CF0E100282F17;
			remoteInfo = "Documents page";
		};
		8D819E652A8CF0E300282F17 /* PBXContainerItemProxy */ = {
			isa = PBXContainerItemProxy;
			containerPortal = 8D819E3C2A8CF0E100282F17 /* Project object */;
			proxyType = 1;
			remoteGlobalIDString = 8D819E432A8CF0E100282F17;
			remoteInfo = "Documents page";
		};
/* End PBXContainerItemProxy section */

/* Begin PBXFileReference section */
		8D08E5BD2A8E32580018AFF3 /* AllDocumentModel.swift */ = {isa = PBXFileReference; lastKnownFileType = sourcecode.swift; path = AllDocumentModel.swift; sourceTree = "<group>"; };
		8D08E5BF2A8E34380018AFF3 /* AllDocumentViewModel.swift */ = {isa = PBXFileReference; lastKnownFileType = sourcecode.swift; path = AllDocumentViewModel.swift; sourceTree = "<group>"; };
		8D08E5C12A8E466F0018AFF3 /* DocumentTableViewCell.swift */ = {isa = PBXFileReference; lastKnownFileType = sourcecode.swift; path = DocumentTableViewCell.swift; sourceTree = "<group>"; };
		8D2A7E1E2A8CFAF600F626DB /* MySessions.xib */ = {isa = PBXFileReference; lastKnownFileType = file.xib; path = MySessions.xib; sourceTree = "<group>"; };
		8D819E442A8CF0E100282F17 /* Documents page.app */ = {isa = PBXFileReference; explicitFileType = wrapper.application; includeInIndex = 0; path = "Documents page.app"; sourceTree = BUILT_PRODUCTS_DIR; };
		8D819E472A8CF0E100282F17 /* AppDelegate.swift */ = {isa = PBXFileReference; lastKnownFileType = sourcecode.swift; path = AppDelegate.swift; sourceTree = "<group>"; };
		8D819E4B2A8CF0E100282F17 /* ViewController.swift */ = {isa = PBXFileReference; lastKnownFileType = sourcecode.swift; path = ViewController.swift; sourceTree = "<group>"; };
		8D819E502A8CF0E200282F17 /* Assets.xcassets */ = {isa = PBXFileReference; lastKnownFileType = folder.assetcatalog; path = Assets.xcassets; sourceTree = "<group>"; };
		8D819E532A8CF0E200282F17 /* Base */ = {isa = PBXFileReference; lastKnownFileType = file.storyboard; name = Base; path = Base.lproj/LaunchScreen.storyboard; sourceTree = "<group>"; };
		8D819E552A8CF0E200282F17 /* Info.plist */ = {isa = PBXFileReference; lastKnownFileType = text.plist.xml; path = Info.plist; sourceTree = "<group>"; };
		8D819E5A2A8CF0E300282F17 /* Documents pageTests.xctest */ = {isa = PBXFileReference; explicitFileType = wrapper.cfbundle; includeInIndex = 0; path = "Documents pageTests.xctest"; sourceTree = BUILT_PRODUCTS_DIR; };
		8D819E5E2A8CF0E300282F17 /* Documents_pageTests.swift */ = {isa = PBXFileReference; lastKnownFileType = sourcecode.swift; path = Documents_pageTests.swift; sourceTree = "<group>"; };
		8D819E642A8CF0E300282F17 /* Documents pageUITests.xctest */ = {isa = PBXFileReference; explicitFileType = wrapper.cfbundle; includeInIndex = 0; path = "Documents pageUITests.xctest"; sourceTree = BUILT_PRODUCTS_DIR; };
		8D819E682A8CF0E300282F17 /* Documents_pageUITests.swift */ = {isa = PBXFileReference; lastKnownFileType = sourcecode.swift; path = Documents_pageUITests.swift; sourceTree = "<group>"; };
		8D819E6A2A8CF0E300282F17 /* Documents_pageUITestsLaunchTests.swift */ = {isa = PBXFileReference; lastKnownFileType = sourcecode.swift; path = Documents_pageUITestsLaunchTests.swift; sourceTree = "<group>"; };
		8D81C91B2A8F390B00E84E17 /* documentTabBar.swift */ = {isa = PBXFileReference; lastKnownFileType = sourcecode.swift; path = documentTabBar.swift; sourceTree = "<group>"; };
		8D81C91C2A8F390B00E84E17 /* documentTabBar.xib */ = {isa = PBXFileReference; lastKnownFileType = file.xib; path = documentTabBar.xib; sourceTree = "<group>"; };
		8DC709CC2A8DE04A0034DEFE /* DocumentTableViewCell.xib */ = {isa = PBXFileReference; lastKnownFileType = file.xib; path = DocumentTableViewCell.xib; sourceTree = "<group>"; };
		8DC709CE2A8DE8120034DEFE /* AllActionsViewController.swift */ = {isa = PBXFileReference; lastKnownFileType = sourcecode.swift; path = AllActionsViewController.swift; sourceTree = "<group>"; };
		8DC709D02A8DE8360034DEFE /* MySessionsViewController.swift */ = {isa = PBXFileReference; lastKnownFileType = sourcecode.swift; path = MySessionsViewController.swift; sourceTree = "<group>"; };
		8DC709D82A8DFCC90034DEFE /* AllDocumentsView.swift */ = {isa = PBXFileReference; lastKnownFileType = sourcecode.swift; path = AllDocumentsView.swift; sourceTree = "<group>"; };
		8DC709DC2A8E07C60034DEFE /* AllDocumentsView.xib */ = {isa = PBXFileReference; lastKnownFileType = file.xib; path = AllDocumentsView.xib; sourceTree = "<group>"; };
		9F75D2972A9C7C2F003F0DC1 /* ActivityIndicator.swift */ = {isa = PBXFileReference; lastKnownFileType = sourcecode.swift; path = ActivityIndicator.swift; sourceTree = "<group>"; };
		9F7D57AD2AA893E600A11758 /* TestViewController.swift */ = {isa = PBXFileReference; lastKnownFileType = sourcecode.swift; path = TestViewController.swift; sourceTree = "<group>"; };
		9F7D57AE2AA893E600A11758 /* TestViewController.xib */ = {isa = PBXFileReference; lastKnownFileType = file.xib; path = TestViewController.xib; sourceTree = "<group>"; };
		9F8A202A2AA0760500A2CD40 /* PreviewViewController.swift */ = {isa = PBXFileReference; lastKnownFileType = sourcecode.swift; path = PreviewViewController.swift; sourceTree = "<group>"; };
		9F8A202B2AA0760500A2CD40 /* PreviewViewController.xib */ = {isa = PBXFileReference; lastKnownFileType = file.xib; path = PreviewViewController.xib; sourceTree = "<group>"; };
		9F92FF0B2A9C8CE10041FA08 /* AllActions.xib */ = {isa = PBXFileReference; fileEncoding = 4; lastKnownFileType = file.xib; path = AllActions.xib; sourceTree = "<group>"; };
		9F94AD0E2AA5C41800B66BB4 /* QlPreviewController.swift */ = {isa = PBXFileReference; lastKnownFileType = sourcecode.swift; path = QlPreviewController.swift; sourceTree = "<group>"; };
/* End PBXFileReference section */

/* Begin PBXFrameworksBuildPhase section */
		8D819E412A8CF0E100282F17 /* Frameworks */ = {
			isa = PBXFrameworksBuildPhase;
			buildActionMask = 2147483647;
			files = (
			);
			runOnlyForDeploymentPostprocessing = 0;
		};
		8D819E572A8CF0E300282F17 /* Frameworks */ = {
			isa = PBXFrameworksBuildPhase;
			buildActionMask = 2147483647;
			files = (
			);
			runOnlyForDeploymentPostprocessing = 0;
		};
		8D819E612A8CF0E300282F17 /* Frameworks */ = {
			isa = PBXFrameworksBuildPhase;
			buildActionMask = 2147483647;
			files = (
			);
			runOnlyForDeploymentPostprocessing = 0;
		};
/* End PBXFrameworksBuildPhase section */

/* Begin PBXGroup section */
		8D819E3B2A8CF0E100282F17 = {
			isa = PBXGroup;
			children = (
				8D819E462A8CF0E100282F17 /* Documents page */,
				8D819E5D2A8CF0E300282F17 /* Documents pageTests */,
				8D819E672A8CF0E300282F17 /* Documents pageUITests */,
				8D819E452A8CF0E100282F17 /* Products */,
			);
			sourceTree = "<group>";
		};
		8D819E452A8CF0E100282F17 /* Products */ = {
			isa = PBXGroup;
			children = (
				8D819E442A8CF0E100282F17 /* Documents page.app */,
				8D819E5A2A8CF0E300282F17 /* Documents pageTests.xctest */,
				8D819E642A8CF0E300282F17 /* Documents pageUITests.xctest */,
			);
			name = Products;
			sourceTree = "<group>";
		};
		8D819E462A8CF0E100282F17 /* Documents page */ = {
			isa = PBXGroup;
			children = (
				8D819E472A8CF0E100282F17 /* AppDelegate.swift */,
				8D819E4B2A8CF0E100282F17 /* ViewController.swift */,
				9F1DE6572A9C873800565F9D /* DocumentTableView */,
				9F1DE6562A9C872400565F9D /* MySessions */,
				9F75D29A2A9C8692003F0DC1 /* AllActions */,
				9F75D2992A9C8671003F0DC1 /* TabBar */,
				9F1DE6552A9C86F700565F9D /* AllDocumentsView */,
				9F75D2962A9C7C0D003F0DC1 /* ActivityIndicator */,
				8D819E502A8CF0E200282F17 /* Assets.xcassets */,
				8D819E522A8CF0E200282F17 /* LaunchScreen.storyboard */,
				8D819E792A8CF2E300282F17 /* TabbarController */,
				8D819E552A8CF0E200282F17 /* Info.plist */,
				9F7D57AD2AA893E600A11758 /* TestViewController.swift */,
				9F7D57AE2AA893E600A11758 /* TestViewController.xib */,
			);
			path = "Documents page";
			sourceTree = "<group>";
		};
		8D819E5D2A8CF0E300282F17 /* Documents pageTests */ = {
			isa = PBXGroup;
			children = (
				8D819E5E2A8CF0E300282F17 /* Documents_pageTests.swift */,
			);
			path = "Documents pageTests";
			sourceTree = "<group>";
		};
		8D819E672A8CF0E300282F17 /* Documents pageUITests */ = {
			isa = PBXGroup;
			children = (
				8D819E682A8CF0E300282F17 /* Documents_pageUITests.swift */,
				8D819E6A2A8CF0E300282F17 /* Documents_pageUITestsLaunchTests.swift */,
			);
			path = "Documents pageUITests";
			sourceTree = "<group>";
		};
		8D819E792A8CF2E300282F17 /* TabbarController */ = {
			isa = PBXGroup;
			children = (
			);
			path = TabbarController;
			sourceTree = "<group>";
		};
		9F1DE6552A9C86F700565F9D /* AllDocumentsView */ = {
			isa = PBXGroup;
			children = (
				8DC709D82A8DFCC90034DEFE /* AllDocumentsView.swift */,
				8D08E5BF2A8E34380018AFF3 /* AllDocumentViewModel.swift */,
				8D08E5BD2A8E32580018AFF3 /* AllDocumentModel.swift */,
				8DC709DC2A8E07C60034DEFE /* AllDocumentsView.xib */,
				9F8A202A2AA0760500A2CD40 /* PreviewViewController.swift */,
				9F94AD0E2AA5C41800B66BB4 /* QlPreviewController.swift */,
				9F8A202B2AA0760500A2CD40 /* PreviewViewController.xib */,
			);
			path = AllDocumentsView;
			sourceTree = "<group>";
		};
		9F1DE6562A9C872400565F9D /* MySessions */ = {
			isa = PBXGroup;
			children = (
				8DC709D02A8DE8360034DEFE /* MySessionsViewController.swift */,
				8D2A7E1E2A8CFAF600F626DB /* MySessions.xib */,
			);
			path = MySessions;
			sourceTree = "<group>";
		};
		9F1DE6572A9C873800565F9D /* DocumentTableView */ = {
			isa = PBXGroup;
			children = (
				8DC709CC2A8DE04A0034DEFE /* DocumentTableViewCell.xib */,
				8D08E5C12A8E466F0018AFF3 /* DocumentTableViewCell.swift */,
			);
			path = DocumentTableView;
			sourceTree = "<group>";
		};
		9F75D2962A9C7C0D003F0DC1 /* ActivityIndicator */ = {
			isa = PBXGroup;
			children = (
				9F75D2972A9C7C2F003F0DC1 /* ActivityIndicator.swift */,
			);
			path = ActivityIndicator;
			sourceTree = "<group>";
		};
		9F75D2992A9C8671003F0DC1 /* TabBar */ = {
			isa = PBXGroup;
			children = (
				8D81C91B2A8F390B00E84E17 /* documentTabBar.swift */,
				8D81C91C2A8F390B00E84E17 /* documentTabBar.xib */,
			);
			path = TabBar;
			sourceTree = "<group>";
		};
		9F75D29A2A9C8692003F0DC1 /* AllActions */ = {
			isa = PBXGroup;
			children = (
				8DC709CE2A8DE8120034DEFE /* AllActionsViewController.swift */,
				9F92FF0B2A9C8CE10041FA08 /* AllActions.xib */,
			);
			path = AllActions;
			sourceTree = "<group>";
		};
/* End PBXGroup section */

/* Begin PBXNativeTarget section */
		8D819E432A8CF0E100282F17 /* Documents page */ = {
			isa = PBXNativeTarget;
			buildConfigurationList = 8D819E6E2A8CF0E300282F17 /* Build configuration list for PBXNativeTarget "Documents page" */;
			buildPhases = (
				8D819E402A8CF0E100282F17 /* Sources */,
				8D819E412A8CF0E100282F17 /* Frameworks */,
				8D819E422A8CF0E100282F17 /* Resources */,
			);
			buildRules = (
			);
			dependencies = (
			);
			name = "Documents page";
			productName = "Documents page";
			productReference = 8D819E442A8CF0E100282F17 /* Documents page.app */;
			productType = "com.apple.product-type.application";
		};
		8D819E592A8CF0E300282F17 /* Documents pageTests */ = {
			isa = PBXNativeTarget;
			buildConfigurationList = 8D819E712A8CF0E300282F17 /* Build configuration list for PBXNativeTarget "Documents pageTests" */;
			buildPhases = (
				8D819E562A8CF0E300282F17 /* Sources */,
				8D819E572A8CF0E300282F17 /* Frameworks */,
				8D819E582A8CF0E300282F17 /* Resources */,
			);
			buildRules = (
			);
			dependencies = (
				8D819E5C2A8CF0E300282F17 /* PBXTargetDependency */,
			);
			name = "Documents pageTests";
			productName = "Documents pageTests";
			productReference = 8D819E5A2A8CF0E300282F17 /* Documents pageTests.xctest */;
			productType = "com.apple.product-type.bundle.unit-test";
		};
		8D819E632A8CF0E300282F17 /* Documents pageUITests */ = {
			isa = PBXNativeTarget;
			buildConfigurationList = 8D819E742A8CF0E300282F17 /* Build configuration list for PBXNativeTarget "Documents pageUITests" */;
			buildPhases = (
				8D819E602A8CF0E300282F17 /* Sources */,
				8D819E612A8CF0E300282F17 /* Frameworks */,
				8D819E622A8CF0E300282F17 /* Resources */,
			);
			buildRules = (
			);
			dependencies = (
				8D819E662A8CF0E300282F17 /* PBXTargetDependency */,
			);
			name = "Documents pageUITests";
			productName = "Documents pageUITests";
			productReference = 8D819E642A8CF0E300282F17 /* Documents pageUITests.xctest */;
			productType = "com.apple.product-type.bundle.ui-testing";
		};
/* End PBXNativeTarget section */

/* Begin PBXProject section */
		8D819E3C2A8CF0E100282F17 /* Project object */ = {
			isa = PBXProject;
			attributes = {
				BuildIndependentTargetsInParallel = 1;
				LastSwiftUpdateCheck = 1410;
				LastUpgradeCheck = 1410;
				TargetAttributes = {
					8D819E432A8CF0E100282F17 = {
						CreatedOnToolsVersion = 14.1;
					};
					8D819E592A8CF0E300282F17 = {
						CreatedOnToolsVersion = 14.1;
						TestTargetID = 8D819E432A8CF0E100282F17;
					};
					8D819E632A8CF0E300282F17 = {
						CreatedOnToolsVersion = 14.1;
						TestTargetID = 8D819E432A8CF0E100282F17;
					};
				};
			};
			buildConfigurationList = 8D819E3F2A8CF0E100282F17 /* Build configuration list for PBXProject "Documents page" */;
			compatibilityVersion = "Xcode 14.0";
			developmentRegion = en;
			hasScannedForEncodings = 0;
			knownRegions = (
				en,
				Base,
			);
			mainGroup = 8D819E3B2A8CF0E100282F17;
			productRefGroup = 8D819E452A8CF0E100282F17 /* Products */;
			projectDirPath = "";
			projectRoot = "";
			targets = (
				8D819E432A8CF0E100282F17 /* Documents page */,
				8D819E592A8CF0E300282F17 /* Documents pageTests */,
				8D819E632A8CF0E300282F17 /* Documents pageUITests */,
			);
		};
/* End PBXProject section */

/* Begin PBXResourcesBuildPhase section */
		8D819E422A8CF0E100282F17 /* Resources */ = {
			isa = PBXResourcesBuildPhase;
			buildActionMask = 2147483647;
			files = (
				8D81C91E2A8F390B00E84E17 /* documentTabBar.xib in Resources */,
				8D819E542A8CF0E200282F17 /* LaunchScreen.storyboard in Resources */,
				8D2A7E1F2A8CFAF600F626DB /* MySessions.xib in Resources */,
				9F8A202D2AA0760500A2CD40 /* PreviewViewController.xib in Resources */,
				9F7D57B02AA893E600A11758 /* TestViewController.xib in Resources */,
				8DC709CD2A8DE04A0034DEFE /* DocumentTableViewCell.xib in Resources */,
				8D819E512A8CF0E200282F17 /* Assets.xcassets in Resources */,
				8DC709DD2A8E07C60034DEFE /* AllDocumentsView.xib in Resources */,
				9F92FF0C2A9C8CE10041FA08 /* AllActions.xib in Resources */,
			);
			runOnlyForDeploymentPostprocessing = 0;
		};
		8D819E582A8CF0E300282F17 /* Resources */ = {
			isa = PBXResourcesBuildPhase;
			buildActionMask = 2147483647;
			files = (
			);
			runOnlyForDeploymentPostprocessing = 0;
		};
		8D819E622A8CF0E300282F17 /* Resources */ = {
			isa = PBXResourcesBuildPhase;
			buildActionMask = 2147483647;
			files = (
			);
			runOnlyForDeploymentPostprocessing = 0;
		};
/* End PBXResourcesBuildPhase section */

/* Begin PBXSourcesBuildPhase section */
		8D819E402A8CF0E100282F17 /* Sources */ = {
			isa = PBXSourcesBuildPhase;
			buildActionMask = 2147483647;
			files = (
				8D08E5C22A8E466F0018AFF3 /* DocumentTableViewCell.swift in Sources */,
				8D819E4C2A8CF0E100282F17 /* ViewController.swift in Sources */,
				8D08E5C02A8E34380018AFF3 /* AllDocumentViewModel.swift in Sources */,
				9F94AD0F2AA5C41800B66BB4 /* QlPreviewController.swift in Sources */,
				8DC709DA2A8DFCC90034DEFE /* AllDocumentsView.swift in Sources */,
				9F7D57AF2AA893E600A11758 /* TestViewController.swift in Sources */,
				9F8A202C2AA0760500A2CD40 /* PreviewViewController.swift in Sources */,
				8D819E482A8CF0E100282F17 /* AppDelegate.swift in Sources */,
				8D81C91D2A8F390B00E84E17 /* documentTabBar.swift in Sources */,
				9F75D2982A9C7C2F003F0DC1 /* ActivityIndicator.swift in Sources */,
				8DC709D12A8DE8360034DEFE /* MySessionsViewController.swift in Sources */,
				8DC709CF2A8DE8120034DEFE /* AllActionsViewController.swift in Sources */,
				8D08E5BE2A8E32590018AFF3 /* AllDocumentModel.swift in Sources */,
			);
			runOnlyForDeploymentPostprocessing = 0;
		};
		8D819E562A8CF0E300282F17 /* Sources */ = {
			isa = PBXSourcesBuildPhase;
			buildActionMask = 2147483647;
			files = (
				8D819E5F2A8CF0E300282F17 /* Documents_pageTests.swift in Sources */,
			);
			runOnlyForDeploymentPostprocessing = 0;
		};
		8D819E602A8CF0E300282F17 /* Sources */ = {
			isa = PBXSourcesBuildPhase;
			buildActionMask = 2147483647;
			files = (
				8D819E6B2A8CF0E300282F17 /* Documents_pageUITestsLaunchTests.swift in Sources */,
				8D819E692A8CF0E300282F17 /* Documents_pageUITests.swift in Sources */,
			);
			runOnlyForDeploymentPostprocessing = 0;
		};
/* End PBXSourcesBuildPhase section */

/* Begin PBXTargetDependency section */
		8D819E5C2A8CF0E300282F17 /* PBXTargetDependency */ = {
			isa = PBXTargetDependency;
			target = 8D819E432A8CF0E100282F17 /* Documents page */;
			targetProxy = 8D819E5B2A8CF0E300282F17 /* PBXContainerItemProxy */;
		};
		8D819E662A8CF0E300282F17 /* PBXTargetDependency */ = {
			isa = PBXTargetDependency;
			target = 8D819E432A8CF0E100282F17 /* Documents page */;
			targetProxy = 8D819E652A8CF0E300282F17 /* PBXContainerItemProxy */;
		};
/* End PBXTargetDependency section */

/* Begin PBXVariantGroup section */
		8D819E522A8CF0E200282F17 /* LaunchScreen.storyboard */ = {
			isa = PBXVariantGroup;
			children = (
				8D819E532A8CF0E200282F17 /* Base */,
			);
			name = LaunchScreen.storyboard;
			sourceTree = "<group>";
		};
/* End PBXVariantGroup section */

/* Begin XCBuildConfiguration section */
		8D819E6C2A8CF0E300282F17 /* Debug */ = {
			isa = XCBuildConfiguration;
			buildSettings = {
				ALWAYS_SEARCH_USER_PATHS = NO;
				CLANG_ANALYZER_NONNULL = YES;
				CLANG_ANALYZER_NUMBER_OBJECT_CONVERSION = YES_AGGRESSIVE;
				CLANG_CXX_LANGUAGE_STANDARD = "gnu++20";
				CLANG_ENABLE_MODULES = YES;
				CLANG_ENABLE_OBJC_ARC = YES;
				CLANG_ENABLE_OBJC_WEAK = YES;
				CLANG_WARN_BLOCK_CAPTURE_AUTORELEASING = YES;
				CLANG_WARN_BOOL_CONVERSION = YES;
				CLANG_WARN_COMMA = YES;
				CLANG_WARN_CONSTANT_CONVERSION = YES;
				CLANG_WARN_DEPRECATED_OBJC_IMPLEMENTATIONS = YES;
				CLANG_WARN_DIRECT_OBJC_ISA_USAGE = YES_ERROR;
				CLANG_WARN_DOCUMENTATION_COMMENTS = YES;
				CLANG_WARN_EMPTY_BODY = YES;
				CLANG_WARN_ENUM_CONVERSION = YES;
				CLANG_WARN_INFINITE_RECURSION = YES;
				CLANG_WARN_INT_CONVERSION = YES;
				CLANG_WARN_NON_LITERAL_NULL_CONVERSION = YES;
				CLANG_WARN_OBJC_IMPLICIT_RETAIN_SELF = YES;
				CLANG_WARN_OBJC_LITERAL_CONVERSION = YES;
				CLANG_WARN_OBJC_ROOT_CLASS = YES_ERROR;
				CLANG_WARN_QUOTED_INCLUDE_IN_FRAMEWORK_HEADER = YES;
				CLANG_WARN_RANGE_LOOP_ANALYSIS = YES;
				CLANG_WARN_STRICT_PROTOTYPES = YES;
				CLANG_WARN_SUSPICIOUS_MOVE = YES;
				CLANG_WARN_UNGUARDED_AVAILABILITY = YES_AGGRESSIVE;
				CLANG_WARN_UNREACHABLE_CODE = YES;
				CLANG_WARN__DUPLICATE_METHOD_MATCH = YES;
				COPY_PHASE_STRIP = NO;
				DEBUG_INFORMATION_FORMAT = dwarf;
				ENABLE_STRICT_OBJC_MSGSEND = YES;
				ENABLE_TESTABILITY = YES;
				GCC_C_LANGUAGE_STANDARD = gnu11;
				GCC_DYNAMIC_NO_PIC = NO;
				GCC_NO_COMMON_BLOCKS = YES;
				GCC_OPTIMIZATION_LEVEL = 0;
				GCC_PREPROCESSOR_DEFINITIONS = (
					"DEBUG=1",
					"$(inherited)",
				);
				GCC_WARN_64_TO_32_BIT_CONVERSION = YES;
				GCC_WARN_ABOUT_RETURN_TYPE = YES_ERROR;
				GCC_WARN_UNDECLARED_SELECTOR = YES;
				GCC_WARN_UNINITIALIZED_AUTOS = YES_AGGRESSIVE;
				GCC_WARN_UNUSED_FUNCTION = YES;
				GCC_WARN_UNUSED_VARIABLE = YES;
				IPHONEOS_DEPLOYMENT_TARGET = 14.0;
				MTL_ENABLE_DEBUG_INFO = INCLUDE_SOURCE;
				MTL_FAST_MATH = YES;
				ONLY_ACTIVE_ARCH = YES;
				SDKROOT = iphoneos;
				SWIFT_ACTIVE_COMPILATION_CONDITIONS = DEBUG;
				SWIFT_OPTIMIZATION_LEVEL = "-Onone";
			};
			name = Debug;
		};
		8D819E6D2A8CF0E300282F17 /* Release */ = {
			isa = XCBuildConfiguration;
			buildSettings = {
				ALWAYS_SEARCH_USER_PATHS = NO;
				CLANG_ANALYZER_NONNULL = YES;
				CLANG_ANALYZER_NUMBER_OBJECT_CONVERSION = YES_AGGRESSIVE;
				CLANG_CXX_LANGUAGE_STANDARD = "gnu++20";
				CLANG_ENABLE_MODULES = YES;
				CLANG_ENABLE_OBJC_ARC = YES;
				CLANG_ENABLE_OBJC_WEAK = YES;
				CLANG_WARN_BLOCK_CAPTURE_AUTORELEASING = YES;
				CLANG_WARN_BOOL_CONVERSION = YES;
				CLANG_WARN_COMMA = YES;
				CLANG_WARN_CONSTANT_CONVERSION = YES;
				CLANG_WARN_DEPRECATED_OBJC_IMPLEMENTATIONS = YES;
				CLANG_WARN_DIRECT_OBJC_ISA_USAGE = YES_ERROR;
				CLANG_WARN_DOCUMENTATION_COMMENTS = YES;
				CLANG_WARN_EMPTY_BODY = YES;
				CLANG_WARN_ENUM_CONVERSION = YES;
				CLANG_WARN_INFINITE_RECURSION = YES;
				CLANG_WARN_INT_CONVERSION = YES;
				CLANG_WARN_NON_LITERAL_NULL_CONVERSION = YES;
				CLANG_WARN_OBJC_IMPLICIT_RETAIN_SELF = YES;
				CLANG_WARN_OBJC_LITERAL_CONVERSION = YES;
				CLANG_WARN_OBJC_ROOT_CLASS = YES_ERROR;
				CLANG_WARN_QUOTED_INCLUDE_IN_FRAMEWORK_HEADER = YES;
				CLANG_WARN_RANGE_LOOP_ANALYSIS = YES;
				CLANG_WARN_STRICT_PROTOTYPES = YES;
				CLANG_WARN_SUSPICIOUS_MOVE = YES;
				CLANG_WARN_UNGUARDED_AVAILABILITY = YES_AGGRESSIVE;
				CLANG_WARN_UNREACHABLE_CODE = YES;
				CLANG_WARN__DUPLICATE_METHOD_MATCH = YES;
				COPY_PHASE_STRIP = NO;
				DEBUG_INFORMATION_FORMAT = "dwarf-with-dsym";
				ENABLE_NS_ASSERTIONS = NO;
				ENABLE_STRICT_OBJC_MSGSEND = YES;
				GCC_C_LANGUAGE_STANDARD = gnu11;
				GCC_NO_COMMON_BLOCKS = YES;
				GCC_WARN_64_TO_32_BIT_CONVERSION = YES;
				GCC_WARN_ABOUT_RETURN_TYPE = YES_ERROR;
				GCC_WARN_UNDECLARED_SELECTOR = YES;
				GCC_WARN_UNINITIALIZED_AUTOS = YES_AGGRESSIVE;
				GCC_WARN_UNUSED_FUNCTION = YES;
				GCC_WARN_UNUSED_VARIABLE = YES;
				IPHONEOS_DEPLOYMENT_TARGET = 14.0;
				MTL_ENABLE_DEBUG_INFO = NO;
				MTL_FAST_MATH = YES;
				SDKROOT = iphoneos;
				SWIFT_COMPILATION_MODE = wholemodule;
				SWIFT_OPTIMIZATION_LEVEL = "-O";
				VALIDATE_PRODUCT = YES;
			};
			name = Release;
		};
		8D819E6F2A8CF0E300282F17 /* Debug */ = {
			isa = XCBuildConfiguration;
			buildSettings = {
				ASSETCATALOG_COMPILER_APPICON_NAME = AppIcon;
				ASSETCATALOG_COMPILER_GLOBAL_ACCENT_COLOR_NAME = AccentColor;
				CODE_SIGN_STYLE = Automatic;
				CURRENT_PROJECT_VERSION = 1;
				DEVELOPMENT_TEAM = SY4CHD2YQ6;
				GENERATE_INFOPLIST_FILE = YES;
				INFOPLIST_FILE = "Documents page/Info.plist";
				INFOPLIST_KEY_UIApplicationSupportsIndirectInputEvents = YES;
				INFOPLIST_KEY_UILaunchStoryboardName = LaunchScreen;
				INFOPLIST_KEY_UISupportedInterfaceOrientations_iPad = "UIInterfaceOrientationPortrait UIInterfaceOrientationPortraitUpsideDown UIInterfaceOrientationLandscapeLeft UIInterfaceOrientationLandscapeRight";
				INFOPLIST_KEY_UISupportedInterfaceOrientations_iPhone = "UIInterfaceOrientationPortrait UIInterfaceOrientationLandscapeLeft UIInterfaceOrientationLandscapeRight";
				IPHONEOS_DEPLOYMENT_TARGET = 14.0;
				LD_RUNPATH_SEARCH_PATHS = (
					"$(inherited)",
					"@executable_path/Frameworks",
				);
				MARKETING_VERSION = 1.0;
				PRODUCT_BUNDLE_IDENTIFIER = "digival.Documents-page";
				PRODUCT_NAME = "$(TARGET_NAME)";
				SWIFT_EMIT_LOC_STRINGS = YES;
				SWIFT_VERSION = 5.0;
				TARGETED_DEVICE_FAMILY = "1,2";
			};
			name = Debug;
		};
		8D819E702A8CF0E300282F17 /* Release */ = {
			isa = XCBuildConfiguration;
			buildSettings = {
				ASSETCATALOG_COMPILER_APPICON_NAME = AppIcon;
				ASSETCATALOG_COMPILER_GLOBAL_ACCENT_COLOR_NAME = AccentColor;
				CODE_SIGN_STYLE = Automatic;
				CURRENT_PROJECT_VERSION = 1;
				DEVELOPMENT_TEAM = SY4CHD2YQ6;
				GENERATE_INFOPLIST_FILE = YES;
				INFOPLIST_FILE = "Documents page/Info.plist";
				INFOPLIST_KEY_UIApplicationSupportsIndirectInputEvents = YES;
				INFOPLIST_KEY_UILaunchStoryboardName = LaunchScreen;
				INFOPLIST_KEY_UISupportedInterfaceOrientations_iPad = "UIInterfaceOrientationPortrait UIInterfaceOrientationPortraitUpsideDown UIInterfaceOrientationLandscapeLeft UIInterfaceOrientationLandscapeRight";
				INFOPLIST_KEY_UISupportedInterfaceOrientations_iPhone = "UIInterfaceOrientationPortrait UIInterfaceOrientationLandscapeLeft UIInterfaceOrientationLandscapeRight";
				IPHONEOS_DEPLOYMENT_TARGET = 14.0;
				LD_RUNPATH_SEARCH_PATHS = (
					"$(inherited)",
					"@executable_path/Frameworks",
				);
				MARKETING_VERSION = 1.0;
				PRODUCT_BUNDLE_IDENTIFIER = "digival.Documents-page";
				PRODUCT_NAME = "$(TARGET_NAME)";
				SWIFT_EMIT_LOC_STRINGS = YES;
				SWIFT_VERSION = 5.0;
				TARGETED_DEVICE_FAMILY = "1,2";
			};
			name = Release;
		};
		8D819E722A8CF0E300282F17 /* Debug */ = {
			isa = XCBuildConfiguration;
			buildSettings = {
				ALWAYS_EMBED_SWIFT_STANDARD_LIBRARIES = YES;
				BUNDLE_LOADER = "$(TEST_HOST)";
				"CODE_SIGN_IDENTITY[sdk=macosx*]" = "Apple Development";
				CODE_SIGN_STYLE = Automatic;
				CURRENT_PROJECT_VERSION = 1;
				GENERATE_INFOPLIST_FILE = YES;
				IPHONEOS_DEPLOYMENT_TARGET = 16.1;
				MARKETING_VERSION = 1.0;
				PRODUCT_BUNDLE_IDENTIFIER = "digival.Documents-pageTests";
				PRODUCT_NAME = "$(TARGET_NAME)";
				SWIFT_EMIT_LOC_STRINGS = NO;
				SWIFT_VERSION = 5.0;
				TARGETED_DEVICE_FAMILY = "1,2";
				TEST_HOST = "$(BUILT_PRODUCTS_DIR)/Documents page.app/$(BUNDLE_EXECUTABLE_FOLDER_PATH)/Documents page";
			};
			name = Debug;
		};
		8D819E732A8CF0E300282F17 /* Release */ = {
			isa = XCBuildConfiguration;
			buildSettings = {
				ALWAYS_EMBED_SWIFT_STANDARD_LIBRARIES = YES;
				BUNDLE_LOADER = "$(TEST_HOST)";
				"CODE_SIGN_IDENTITY[sdk=macosx*]" = "Apple Development";
				CODE_SIGN_STYLE = Automatic;
				CURRENT_PROJECT_VERSION = 1;
				GENERATE_INFOPLIST_FILE = YES;
				IPHONEOS_DEPLOYMENT_TARGET = 16.1;
				MARKETING_VERSION = 1.0;
				PRODUCT_BUNDLE_IDENTIFIER = "digival.Documents-pageTests";
				PRODUCT_NAME = "$(TARGET_NAME)";
				SWIFT_EMIT_LOC_STRINGS = NO;
				SWIFT_VERSION = 5.0;
				TARGETED_DEVICE_FAMILY = "1,2";
				TEST_HOST = "$(BUILT_PRODUCTS_DIR)/Documents page.app/$(BUNDLE_EXECUTABLE_FOLDER_PATH)/Documents page";
			};
			name = Release;
		};
		8D819E752A8CF0E300282F17 /* Debug */ = {
			isa = XCBuildConfiguration;
			buildSettings = {
				ALWAYS_EMBED_SWIFT_STANDARD_LIBRARIES = YES;
				CODE_SIGN_STYLE = Automatic;
				CURRENT_PROJECT_VERSION = 1;
				GENERATE_INFOPLIST_FILE = YES;
				MARKETING_VERSION = 1.0;
				PRODUCT_BUNDLE_IDENTIFIER = "digival.Documents-pageUITests";
				PRODUCT_NAME = "$(TARGET_NAME)";
				SWIFT_EMIT_LOC_STRINGS = NO;
				SWIFT_VERSION = 5.0;
				TARGETED_DEVICE_FAMILY = "1,2";
				TEST_TARGET_NAME = "Documents page";
			};
			name = Debug;
		};
		8D819E762A8CF0E300282F17 /* Release */ = {
			isa = XCBuildConfiguration;
			buildSettings = {
				ALWAYS_EMBED_SWIFT_STANDARD_LIBRARIES = YES;
				CODE_SIGN_STYLE = Automatic;
				CURRENT_PROJECT_VERSION = 1;
				GENERATE_INFOPLIST_FILE = YES;
				MARKETING_VERSION = 1.0;
				PRODUCT_BUNDLE_IDENTIFIER = "digival.Documents-pageUITests";
				PRODUCT_NAME = "$(TARGET_NAME)";
				SWIFT_EMIT_LOC_STRINGS = NO;
				SWIFT_VERSION = 5.0;
				TARGETED_DEVICE_FAMILY = "1,2";
				TEST_TARGET_NAME = "Documents page";
			};
			name = Release;
		};
/* End XCBuildConfiguration section */

/* Begin XCConfigurationList section */
		8D819E3F2A8CF0E100282F17 /* Build configuration list for PBXProject "Documents page" */ = {
			isa = XCConfigurationList;
			buildConfigurations = (
				8D819E6C2A8CF0E300282F17 /* Debug */,
				8D819E6D2A8CF0E300282F17 /* Release */,
			);
			defaultConfigurationIsVisible = 0;
			defaultConfigurationName = Release;
		};
		8D819E6E2A8CF0E300282F17 /* Build configuration list for PBXNativeTarget "Documents page" */ = {
			isa = XCConfigurationList;
			buildConfigurations = (
				8D819E6F2A8CF0E300282F17 /* Debug */,
				8D819E702A8CF0E300282F17 /* Release */,
			);
			defaultConfigurationIsVisible = 0;
			defaultConfigurationName = Release;
		};
		8D819E712A8CF0E300282F17 /* Build configuration list for PBXNativeTarget "Documents pageTests" */ = {
			isa = XCConfigurationList;
			buildConfigurations = (
				8D819E722A8CF0E300282F17 /* Debug */,
				8D819E732A8CF0E300282F17 /* Release */,
			);
			defaultConfigurationIsVisible = 0;
			defaultConfigurationName = Release;
		};
		8D819E742A8CF0E300282F17 /* Build configuration list for PBXNativeTarget "Documents pageUITests" */ = {
			isa = XCConfigurationList;
			buildConfigurations = (
				8D819E752A8CF0E300282F17 /* Debug */,
				8D819E762A8CF0E300282F17 /* Release */,
			);
			defaultConfigurationIsVisible = 0;
			defaultConfigurationName = Release;
		};
/* End XCConfigurationList section */
	};
	rootObject = 8D819E3C2A8CF0E100282F17 /* Project object */;
}
